
Microsoft Visual Studio Solution File, Format Version 12.00
# Visual Studio 2013
VisualStudioVersion = 12.0.40629.0
MinimumVisualStudioVersion = 10.0.40219.1
Project("{A99171F4-43ED-48FC-978B-9193EDE4E466}") = "GenFileSchema", "GenFileSchema\GenFileSchema.vrproj", "{39ADC8F6-1980-40DD-BBA9-AA7666AFBE0A}"
EndProject
Global
	GlobalSection(SolutionConfigurationPlatforms) = preSolution
		Debug|Any CPU = Debug|Any CPU
		Release|Any CPU = Release|Any CPU
	EndGlobalSection
	GlobalSection(ProjectConfigurationPlatforms) = postSolution
		{39ADC8F6-1980-40DD-BBA9-AA7666AFBE0A}.Debug|Any CPU.ActiveCfg = Debug|Any CPU
		{39ADC8F6-1980-40DD-BBA9-AA7666AFBE0A}.Debug|Any CPU.Build.0 = Debug|Any CPU
		{39ADC8F6-1980-40DD-BBA9-AA7666AFBE0A}.Release|Any CPU.ActiveCfg = Release|Any CPU
		{39ADC8F6-1980-40DD-BBA9-AA7666AFBE0A}.Release|Any CPU.Build.0 = Release|Any CPU
	EndGlobalSection
	GlobalSection(SolutionProperties) = preSolution
		HideSolutionNode = FALSE
	EndGlobalSection
EndGlobal
